
Microsoft Visual Studio Solution File, Format Version 10.00
# Visual Studio 2008
Project("{8BC9CEB8-8B4A-11D0-8D11-00A0C91BC942}") = "SidelineMenu", "CallerQMenu\CallerQMenu.vcproj", "{D92F1241-B030-4CAE-B56F-C5BA2CB6AE4E}"
EndProject
Project("{B900F1C2-3D47-4FEC-85B3-04AAF18C3634}") = "SidelineCab", "CallerQCab\CallerQCab.vdproj", "{AA1A4928-448D-49AF-988A-C232A8AA9ECC}"
EndProject
Project("{FAE04EC0-301F-11D3-BF4B-00C04F79EFBC}") = "Sideline", "CallerQ\Sideline.csproj", "{CD9BD73B-D0FF-4CBE-8C8D-396A88362BA4}"
EndProject
Project("{8BC9CEB8-8B4A-11D0-8D11-00A0C91BC942}") = "SidelineNotify", "CallerQTile\CallerQTile.vcproj", "{6102273D-541C-406D-839B-BC758A2606F0}"
EndProject
Project("{FAE04EC0-301F-11D3-BF4B-00C04F79EFBC}") = "OpenNETCF.GDIPlus", "..\..\..\..\Desktop\gdiplus\Code\GDIPlusWrapper\OpenNETCF.GDIPlus.csproj", "{90C9ADE0-EF58-449F-B13F-256BEA8F5FD7}"
EndProject
Project("{FAE04EC0-301F-11D3-BF4B-00C04F79EFBC}") = "Sideline.Resources.VGA", "Sideline.VGA\Sideline.Resources.VGA.csproj", "{307E0428-A650-492A-97C6-2AE9F8D91D0F}"
EndProject
Project("{FAE04EC0-301F-11D3-BF4B-00C04F79EFBC}") = "Sideline.Resources.QVGA", "Sideline.QVGA\Sideline.Resources.QVGA.csproj", "{75F13E16-9E9B-4E12-B353-AABB27C8334A}"
EndProject
Project("{8BC9CEB8-8B4A-11D0-8D11-00A0C91BC942}") = "SidelineSetup", "SidelineSetup\SidelineSetup.vcproj", "{9BA97A80-5BFE-429D-B519-A1C4755B7161}"
EndProject
Global
	GlobalSection(SolutionConfigurationPlatforms) = preSolution
		Debug|Any CPU = Debug|Any CPU
		Debug|Mixed Platforms = Debug|Mixed Platforms
		Debug|Windows Mobile 6 Professional SDK (ARMV4I) = Debug|Windows Mobile 6 Professional SDK (ARMV4I)
		Debug|Windows Mobile 6 Standard SDK (ARMV4I) = Debug|Windows Mobile 6 Standard SDK (ARMV4I)
		Demo|Any CPU = Demo|Any CPU
		Demo|Mixed Platforms = Demo|Mixed Platforms
		Demo|Windows Mobile 6 Professional SDK (ARMV4I) = Demo|Windows Mobile 6 Professional SDK (ARMV4I)
		Demo|Windows Mobile 6 Standard SDK (ARMV4I) = Demo|Windows Mobile 6 Standard SDK (ARMV4I)
		Release|Any CPU = Release|Any CPU
		Release|Mixed Platforms = Release|Mixed Platforms
		Release|Windows Mobile 6 Professional SDK (ARMV4I) = Release|Windows Mobile 6 Professional SDK (ARMV4I)
		Release|Windows Mobile 6 Standard SDK (ARMV4I) = Release|Windows Mobile 6 Standard SDK (ARMV4I)
	EndGlobalSection
	GlobalSection(ProjectConfigurationPlatforms) = postSolution
		{D92F1241-B030-4CAE-B56F-C5BA2CB6AE4E}.Debug|Any CPU.ActiveCfg = Debug|Windows Mobile 6 Professional SDK (ARMV4I)
		{D92F1241-B030-4CAE-B56F-C5BA2CB6AE4E}.Debug|Mixed Platforms.ActiveCfg = Debug|Windows Mobile 6 Professional SDK (ARMV4I)
		{D92F1241-B030-4CAE-B56F-C5BA2CB6AE4E}.Debug|Mixed Platforms.Build.0 = Debug|Windows Mobile 6 Professional SDK (ARMV4I)
		{D92F1241-B030-4CAE-B56F-C5BA2CB6AE4E}.Debug|Mixed Platforms.Deploy.0 = Debug|Windows Mobile 6 Professional SDK (ARMV4I)
		{D92F1241-B030-4CAE-B56F-C5BA2CB6AE4E}.Debug|Windows Mobile 6 Professional SDK (ARMV4I).ActiveCfg = Release|Windows Mobile 6 Professional SDK (ARMV4I)
		{D92F1241-B030-4CAE-B56F-C5BA2CB6AE4E}.Debug|Windows Mobile 6 Professional SDK (ARMV4I).Build.0 = Release|Windows Mobile 6 Professional SDK (ARMV4I)
		{D92F1241-B030-4CAE-B56F-C5BA2CB6AE4E}.Debug|Windows Mobile 6 Professional SDK (ARMV4I).Deploy.0 = Release|Windows Mobile 6 Professional SDK (ARMV4I)
		{D92F1241-B030-4CAE-B56F-C5BA2CB6AE4E}.Debug|Windows Mobile 6 Standard SDK (ARMV4I).ActiveCfg = Debug|Windows Mobile 6 Professional SDK (ARMV4I)
		{D92F1241-B030-4CAE-B56F-C5BA2CB6AE4E}.Demo|Any CPU.ActiveCfg = Debug|Windows Mobile 6 Standard SDK (ARMV4I)
		{D92F1241-B030-4CAE-B56F-C5BA2CB6AE4E}.Demo|Mixed Platforms.ActiveCfg = Debug|Windows Mobile 6 Standard SDK (ARMV4I)
		{D92F1241-B030-4CAE-B56F-C5BA2CB6AE4E}.Demo|Mixed Platforms.Build.0 = Debug|Windows Mobile 6 Standard SDK (ARMV4I)
		{D92F1241-B030-4CAE-B56F-C5BA2CB6AE4E}.Demo|Mixed Platforms.Deploy.0 = Debug|Windows Mobile 6 Standard SDK (ARMV4I)
		{D92F1241-B030-4CAE-B56F-C5BA2CB6AE4E}.Demo|Windows Mobile 6 Professional SDK (ARMV4I).ActiveCfg = Debug|Windows Mobile 6 Standard SDK (ARMV4I)
		{D92F1241-B030-4CAE-B56F-C5BA2CB6AE4E}.Demo|Windows Mobile 6 Standard SDK (ARMV4I).ActiveCfg = Debug|Windows Mobile 6 Standard SDK (ARMV4I)
		{D92F1241-B030-4CAE-B56F-C5BA2CB6AE4E}.Demo|Windows Mobile 6 Standard SDK (ARMV4I).Build.0 = Debug|Windows Mobile 6 Standard SDK (ARMV4I)
		{D92F1241-B030-4CAE-B56F-C5BA2CB6AE4E}.Demo|Windows Mobile 6 Standard SDK (ARMV4I).Deploy.0 = Debug|Windows Mobile 6 Standard SDK (ARMV4I)
		{D92F1241-B030-4CAE-B56F-C5BA2CB6AE4E}.Release|Any CPU.ActiveCfg = Release|Windows Mobile 6 Professional SDK (ARMV4I)
		{D92F1241-B030-4CAE-B56F-C5BA2CB6AE4E}.Release|Mixed Platforms.ActiveCfg = Release|Windows Mobile 6 Professional SDK (ARMV4I)
		{D92F1241-B030-4CAE-B56F-C5BA2CB6AE4E}.Release|Mixed Platforms.Build.0 = Release|Windows Mobile 6 Professional SDK (ARMV4I)
		{D92F1241-B030-4CAE-B56F-C5BA2CB6AE4E}.Release|Mixed Platforms.Deploy.0 = Release|Windows Mobile 6 Professional SDK (ARMV4I)
		{D92F1241-B030-4CAE-B56F-C5BA2CB6AE4E}.Release|Windows Mobile 6 Professional SDK (ARMV4I).ActiveCfg = Release|Windows Mobile 6 Professional SDK (ARMV4I)
		{D92F1241-B030-4CAE-B56F-C5BA2CB6AE4E}.Release|Windows Mobile 6 Professional SDK (ARMV4I).Build.0 = Release|Windows Mobile 6 Professional SDK (ARMV4I)
		{D92F1241-B030-4CAE-B56F-C5BA2CB6AE4E}.Release|Windows Mobile 6 Professional SDK (ARMV4I).Deploy.0 = Release|Windows Mobile 6 Professional SDK (ARMV4I)
		{D92F1241-B030-4CAE-B56F-C5BA2CB6AE4E}.Release|Windows Mobile 6 Standard SDK (ARMV4I).ActiveCfg = Release|Windows Mobile 6 Professional SDK (ARMV4I)
		{AA1A4928-448D-49AF-988A-C232A8AA9ECC}.Debug|Any CPU.ActiveCfg = Debug
		{AA1A4928-448D-49AF-988A-C232A8AA9ECC}.Debug|Any CPU.Build.0 = Debug
		{AA1A4928-448D-49AF-988A-C232A8AA9ECC}.Debug|Mixed Platforms.ActiveCfg = Debug
		{AA1A4928-448D-49AF-988A-C232A8AA9ECC}.Debug|Mixed Platforms.Build.0 = Debug
		{AA1A4928-448D-49AF-988A-C232A8AA9ECC}.Debug|Windows Mobile 6 Professional SDK (ARMV4I).ActiveCfg = Debug
		{AA1A4928-448D-49AF-988A-C232A8AA9ECC}.Debug|Windows Mobile 6 Standard SDK (ARMV4I).ActiveCfg = Debug
		{AA1A4928-448D-49AF-988A-C232A8AA9ECC}.Demo|Any CPU.ActiveCfg = Debug
		{AA1A4928-448D-49AF-988A-C232A8AA9ECC}.Demo|Any CPU.Build.0 = Debug
		{AA1A4928-448D-49AF-988A-C232A8AA9ECC}.Demo|Mixed Platforms.ActiveCfg = Debug
		{AA1A4928-448D-49AF-988A-C232A8AA9ECC}.Demo|Mixed Platforms.Build.0 = Debug
		{AA1A4928-448D-49AF-988A-C232A8AA9ECC}.Demo|Windows Mobile 6 Professional SDK (ARMV4I).ActiveCfg = Debug
		{AA1A4928-448D-49AF-988A-C232A8AA9ECC}.Demo|Windows Mobile 6 Professional SDK (ARMV4I).Build.0 = Debug
		{AA1A4928-448D-49AF-988A-C232A8AA9ECC}.Demo|Windows Mobile 6 Standard SDK (ARMV4I).ActiveCfg = Debug
		{AA1A4928-448D-49AF-988A-C232A8AA9ECC}.Demo|Windows Mobile 6 Standard SDK (ARMV4I).Build.0 = Debug
		{AA1A4928-448D-49AF-988A-C232A8AA9ECC}.Release|Any CPU.ActiveCfg = Release
		{AA1A4928-448D-49AF-988A-C232A8AA9ECC}.Release|Any CPU.Build.0 = Release
		{AA1A4928-448D-49AF-988A-C232A8AA9ECC}.Release|Mixed Platforms.ActiveCfg = Release
		{AA1A4928-448D-49AF-988A-C232A8AA9ECC}.Release|Mixed Platforms.Build.0 = Release
		{AA1A4928-448D-49AF-988A-C232A8AA9ECC}.Release|Windows Mobile 6 Professional SDK (ARMV4I).ActiveCfg = Release
		{AA1A4928-448D-49AF-988A-C232A8AA9ECC}.Release|Windows Mobile 6 Standard SDK (ARMV4I).ActiveCfg = Release
		{CD9BD73B-D0FF-4CBE-8C8D-396A88362BA4}.Debug|Any CPU.ActiveCfg = Debug|Any CPU
		{CD9BD73B-D0FF-4CBE-8C8D-396A88362BA4}.Debug|Any CPU.Build.0 = Debug|Any CPU
		{CD9BD73B-D0FF-4CBE-8C8D-396A88362BA4}.Debug|Any CPU.Deploy.0 = Debug|Any CPU
		{CD9BD73B-D0FF-4CBE-8C8D-396A88362BA4}.Debug|Mixed Platforms.ActiveCfg = Debug|Any CPU
		{CD9BD73B-D0FF-4CBE-8C8D-396A88362BA4}.Debug|Mixed Platforms.Build.0 = Debug|Any CPU
		{CD9BD73B-D0FF-4CBE-8C8D-396A88362BA4}.Debug|Mixed Platforms.Deploy.0 = Debug|Any CPU
		{CD9BD73B-D0FF-4CBE-8C8D-396A88362BA4}.Debug|Windows Mobile 6 Professional SDK (ARMV4I).ActiveCfg = Debug|Any CPU
		{CD9BD73B-D0FF-4CBE-8C8D-396A88362BA4}.Debug|Windows Mobile 6 Standard SDK (ARMV4I).ActiveCfg = Debug|Any CPU
		{CD9BD73B-D0FF-4CBE-8C8D-396A88362BA4}.Demo|Any CPU.ActiveCfg = Debug|Any CPU
		{CD9BD73B-D0FF-4CBE-8C8D-396A88362BA4}.Demo|Any CPU.Build.0 = Debug|Any CPU
		{CD9BD73B-D0FF-4CBE-8C8D-396A88362BA4}.Demo|Any CPU.Deploy.0 = Debug|Any CPU
		{CD9BD73B-D0FF-4CBE-8C8D-396A88362BA4}.Demo|Mixed Platforms.ActiveCfg = Debug|Any CPU
		{CD9BD73B-D0FF-4CBE-8C8D-396A88362BA4}.Demo|Mixed Platforms.Build.0 = Debug|Any CPU
		{CD9BD73B-D0FF-4CBE-8C8D-396A88362BA4}.Demo|Mixed Platforms.Deploy.0 = Debug|Any CPU
		{CD9BD73B-D0FF-4CBE-8C8D-396A88362BA4}.Demo|Windows Mobile 6 Professional SDK (ARMV4I).ActiveCfg = Debug|Any CPU
		{CD9BD73B-D0FF-4CBE-8C8D-396A88362BA4}.Demo|Windows Mobile 6 Standard SDK (ARMV4I).ActiveCfg = Debug|Any CPU
		{CD9BD73B-D0FF-4CBE-8C8D-396A88362BA4}.Release|Any CPU.ActiveCfg = Release|Any CPU
		{CD9BD73B-D0FF-4CBE-8C8D-396A88362BA4}.Release|Any CPU.Build.0 = Release|Any CPU
		{CD9BD73B-D0FF-4CBE-8C8D-396A88362BA4}.Release|Any CPU.Deploy.0 = Release|Any CPU
		{CD9BD73B-D0FF-4CBE-8C8D-396A88362BA4}.Release|Mixed Platforms.ActiveCfg = Release|Any CPU
		{CD9BD73B-D0FF-4CBE-8C8D-396A88362BA4}.Release|Mixed Platforms.Build.0 = Release|Any CPU
		{CD9BD73B-D0FF-4CBE-8C8D-396A88362BA4}.Release|Mixed Platforms.Deploy.0 = Release|Any CPU
		{CD9BD73B-D0FF-4CBE-8C8D-396A88362BA4}.Release|Windows Mobile 6 Professional SDK (ARMV4I).ActiveCfg = Release|Any CPU
		{CD9BD73B-D0FF-4CBE-8C8D-396A88362BA4}.Release|Windows Mobile 6 Standard SDK (ARMV4I).ActiveCfg = Release|Any CPU
		{6102273D-541C-406D-839B-BC758A2606F0}.Debug|Any CPU.ActiveCfg = Debug|Windows Mobile 6 Professional SDK (ARMV4I)
		{6102273D-541C-406D-839B-BC758A2606F0}.Debug|Mixed Platforms.ActiveCfg = Debug|Windows Mobile 6 Professional SDK (ARMV4I)
		{6102273D-541C-406D-839B-BC758A2606F0}.Debug|Mixed Platforms.Build.0 = Debug|Windows Mobile 6 Professional SDK (ARMV4I)
		{6102273D-541C-406D-839B-BC758A2606F0}.Debug|Mixed Platforms.Deploy.0 = Debug|Windows Mobile 6 Professional SDK (ARMV4I)
		{6102273D-541C-406D-839B-BC758A2606F0}.Debug|Windows Mobile 6 Professional SDK (ARMV4I).ActiveCfg = Debug|Windows Mobile 6 Professional SDK (ARMV4I)
		{6102273D-541C-406D-839B-BC758A2606F0}.Debug|Windows Mobile 6 Professional SDK (ARMV4I).Build.0 = Debug|Windows Mobile 6 Professional SDK (ARMV4I)
		{6102273D-541C-406D-839B-BC758A2606F0}.Debug|Windows Mobile 6 Professional SDK (ARMV4I).Deploy.0 = Debug|Windows Mobile 6 Professional SDK (ARMV4I)
		{6102273D-541C-406D-839B-BC758A2606F0}.Debug|Windows Mobile 6 Standard SDK (ARMV4I).ActiveCfg = Debug|Windows Mobile 6 Professional SDK (ARMV4I)
		{6102273D-541C-406D-839B-BC758A2606F0}.Demo|Any CPU.ActiveCfg = Debug|Windows Mobile 6 Professional SDK (ARMV4I)
		{6102273D-541C-406D-839B-BC758A2606F0}.Demo|Mixed Platforms.ActiveCfg = Debug|Windows Mobile 6 Professional SDK (ARMV4I)
		{6102273D-541C-406D-839B-BC758A2606F0}.Demo|Mixed Platforms.Build.0 = Debug|Windows Mobile 6 Professional SDK (ARMV4I)
		{6102273D-541C-406D-839B-BC758A2606F0}.Demo|Mixed Platforms.Deploy.0 = Debug|Windows Mobile 6 Professional SDK (ARMV4I)
		{6102273D-541C-406D-839B-BC758A2606F0}.Demo|Windows Mobile 6 Professional SDK (ARMV4I).ActiveCfg = Debug|Windows Mobile 6 Professional SDK (ARMV4I)
		{6102273D-541C-406D-839B-BC758A2606F0}.Demo|Windows Mobile 6 Professional SDK (ARMV4I).Build.0 = Debug|Windows Mobile 6 Professional SDK (ARMV4I)
		{6102273D-541C-406D-839B-BC758A2606F0}.Demo|Windows Mobile 6 Professional SDK (ARMV4I).Deploy.0 = Debug|Windows Mobile 6 Professional SDK (ARMV4I)
		{6102273D-541C-406D-839B-BC758A2606F0}.Demo|Windows Mobile 6 Standard SDK (ARMV4I).ActiveCfg = Debug|Windows Mobile 6 Professional SDK (ARMV4I)
		{6102273D-541C-406D-839B-BC758A2606F0}.Release|Any CPU.ActiveCfg = Release|Windows Mobile 6 Professional SDK (ARMV4I)
		{6102273D-541C-406D-839B-BC758A2606F0}.Release|Mixed Platforms.ActiveCfg = Release|Windows Mobile 6 Professional SDK (ARMV4I)
		{6102273D-541C-406D-839B-BC758A2606F0}.Release|Mixed Platforms.Build.0 = Release|Windows Mobile 6 Professional SDK (ARMV4I)
		{6102273D-541C-406D-839B-BC758A2606F0}.Release|Mixed Platforms.Deploy.0 = Release|Windows Mobile 6 Professional SDK (ARMV4I)
		{6102273D-541C-406D-839B-BC758A2606F0}.Release|Windows Mobile 6 Professional SDK (ARMV4I).ActiveCfg = Release|Windows Mobile 6 Professional SDK (ARMV4I)
		{6102273D-541C-406D-839B-BC758A2606F0}.Release|Windows Mobile 6 Professional SDK (ARMV4I).Build.0 = Release|Windows Mobile 6 Professional SDK (ARMV4I)
		{6102273D-541C-406D-839B-BC758A2606F0}.Release|Windows Mobile 6 Professional SDK (ARMV4I).Deploy.0 = Release|Windows Mobile 6 Professional SDK (ARMV4I)
		{6102273D-541C-406D-839B-BC758A2606F0}.Release|Windows Mobile 6 Standard SDK (ARMV4I).ActiveCfg = Release|Windows Mobile 6 Professional SDK (ARMV4I)
		{90C9ADE0-EF58-449F-B13F-256BEA8F5FD7}.Debug|Any CPU.ActiveCfg = Debug|Any CPU
		{90C9ADE0-EF58-449F-B13F-256BEA8F5FD7}.Debug|Any CPU.Build.0 = Debug|Any CPU
		{90C9ADE0-EF58-449F-B13F-256BEA8F5FD7}.Debug|Mixed Platforms.ActiveCfg = Debug|Any CPU
		{90C9ADE0-EF58-449F-B13F-256BEA8F5FD7}.Debug|Mixed Platforms.Build.0 = Debug|Any CPU
		{90C9ADE0-EF58-449F-B13F-256BEA8F5FD7}.Debug|Windows Mobile 6 Professional SDK (ARMV4I).ActiveCfg = Debug|Any CPU
		{90C9ADE0-EF58-449F-B13F-256BEA8F5FD7}.Debug|Windows Mobile 6 Standard SDK (ARMV4I).ActiveCfg = Debug|Any CPU
		{90C9ADE0-EF58-449F-B13F-256BEA8F5FD7}.Demo|Any CPU.ActiveCfg = Debug|Any CPU
		{90C9ADE0-EF58-449F-B13F-256BEA8F5FD7}.Demo|Mixed Platforms.ActiveCfg = Debug|Any CPU
		{90C9ADE0-EF58-449F-B13F-256BEA8F5FD7}.Demo|Windows Mobile 6 Professional SDK (ARMV4I).ActiveCfg = Debug|Any CPU
		{90C9ADE0-EF58-449F-B13F-256BEA8F5FD7}.Demo|Windows Mobile 6 Standard SDK (ARMV4I).ActiveCfg = Debug|Any CPU
		{90C9ADE0-EF58-449F-B13F-256BEA8F5FD7}.Release|Any CPU.ActiveCfg = Release|Any CPU
		{90C9ADE0-EF58-449F-B13F-256BEA8F5FD7}.Release|Any CPU.Build.0 = Release|Any CPU
		{90C9ADE0-EF58-449F-B13F-256BEA8F5FD7}.Release|Mixed Platforms.ActiveCfg = Release|Any CPU
		{90C9ADE0-EF58-449F-B13F-256BEA8F5FD7}.Release|Mixed Platforms.Build.0 = Release|Any CPU
		{90C9ADE0-EF58-449F-B13F-256BEA8F5FD7}.Release|Windows Mobile 6 Professional SDK (ARMV4I).ActiveCfg = Release|Any CPU
		{90C9ADE0-EF58-449F-B13F-256BEA8F5FD7}.Release|Windows Mobile 6 Standard SDK (ARMV4I).ActiveCfg = Release|Any CPU
		{307E0428-A650-492A-97C6-2AE9F8D91D0F}.Debug|Any CPU.ActiveCfg = Debug|Any CPU
		{307E0428-A650-492A-97C6-2AE9F8D91D0F}.Debug|Any CPU.Build.0 = Debug|Any CPU
		{307E0428-A650-492A-97C6-2AE9F8D91D0F}.Debug|Mixed Platforms.ActiveCfg = Debug|Any CPU
		{307E0428-A650-492A-97C6-2AE9F8D91D0F}.Debug|Mixed Platforms.Build.0 = Debug|Any CPU
		{307E0428-A650-492A-97C6-2AE9F8D91D0F}.Debug|Windows Mobile 6 Professional SDK (ARMV4I).ActiveCfg = Debug|Any CPU
		{307E0428-A650-492A-97C6-2AE9F8D91D0F}.Debug|Windows Mobile 6 Standard SDK (ARMV4I).ActiveCfg = Debug|Any CPU
		{307E0428-A650-492A-97C6-2AE9F8D91D0F}.Demo|Any CPU.ActiveCfg = Debug|Any CPU
		{307E0428-A650-492A-97C6-2AE9F8D91D0F}.Demo|Any CPU.Build.0 = Debug|Any CPU
		{307E0428-A650-492A-97C6-2AE9F8D91D0F}.Demo|Mixed Platforms.ActiveCfg = Debug|Any CPU
		{307E0428-A650-492A-97C6-2AE9F8D91D0F}.Demo|Mixed Platforms.Build.0 = Debug|Any CPU
		{307E0428-A650-492A-97C6-2AE9F8D91D0F}.Demo|Windows Mobile 6 Professional SDK (ARMV4I).ActiveCfg = Debug|Any CPU
		{307E0428-A650-492A-97C6-2AE9F8D91D0F}.Demo|Windows Mobile 6 Standard SDK (ARMV4I).ActiveCfg = Debug|Any CPU
		{307E0428-A650-492A-97C6-2AE9F8D91D0F}.Release|Any CPU.ActiveCfg = Release|Any CPU
		{307E0428-A650-492A-97C6-2AE9F8D91D0F}.Release|Any CPU.Build.0 = Release|Any CPU
		{307E0428-A650-492A-97C6-2AE9F8D91D0F}.Release|Mixed Platforms.ActiveCfg = Release|Any CPU
		{307E0428-A650-492A-97C6-2AE9F8D91D0F}.Release|Mixed Platforms.Build.0 = Release|Any CPU
		{307E0428-A650-492A-97C6-2AE9F8D91D0F}.Release|Windows Mobile 6 Professional SDK (ARMV4I).ActiveCfg = Release|Any CPU
		{307E0428-A650-492A-97C6-2AE9F8D91D0F}.Release|Windows Mobile 6 Standard SDK (ARMV4I).ActiveCfg = Release|Any CPU
		{75F13E16-9E9B-4E12-B353-AABB27C8334A}.Debug|Any CPU.ActiveCfg = Debug|Any CPU
		{75F13E16-9E9B-4E12-B353-AABB27C8334A}.Debug|Any CPU.Build.0 = Debug|Any CPU
		{75F13E16-9E9B-4E12-B353-AABB27C8334A}.Debug|Any CPU.Deploy.0 = Debug|Any CPU
		{75F13E16-9E9B-4E12-B353-AABB27C8334A}.Debug|Mixed Platforms.ActiveCfg = Debug|Any CPU
		{75F13E16-9E9B-4E12-B353-AABB27C8334A}.Debug|Mixed Platforms.Build.0 = Debug|Any CPU
		{75F13E16-9E9B-4E12-B353-AABB27C8334A}.Debug|Mixed Platforms.Deploy.0 = Debug|Any CPU
		{75F13E16-9E9B-4E12-B353-AABB27C8334A}.Debug|Windows Mobile 6 Professional SDK (ARMV4I).ActiveCfg = Debug|Any CPU
		{75F13E16-9E9B-4E12-B353-AABB27C8334A}.Debug|Windows Mobile 6 Standard SDK (ARMV4I).ActiveCfg = Debug|Any CPU
		{75F13E16-9E9B-4E12-B353-AABB27C8334A}.Demo|Any CPU.ActiveCfg = Debug|Any CPU
		{75F13E16-9E9B-4E12-B353-AABB27C8334A}.Demo|Any CPU.Build.0 = Debug|Any CPU
		{75F13E16-9E9B-4E12-B353-AABB27C8334A}.Demo|Mixed Platforms.ActiveCfg = Debug|Any CPU
		{75F13E16-9E9B-4E12-B353-AABB27C8334A}.Demo|Mixed Platforms.Build.0 = Debug|Any CPU
		{75F13E16-9E9B-4E12-B353-AABB27C8334A}.Demo|Windows Mobile 6 Professional SDK (ARMV4I).ActiveCfg = Debug|Any CPU
		{75F13E16-9E9B-4E12-B353-AABB27C8334A}.Demo|Windows Mobile 6 Standard SDK (ARMV4I).ActiveCfg = Debug|Any CPU
		{75F13E16-9E9B-4E12-B353-AABB27C8334A}.Release|Any CPU.ActiveCfg = Release|Any CPU
		{75F13E16-9E9B-4E12-B353-AABB27C8334A}.Release|Any CPU.Build.0 = Release|Any CPU
		{75F13E16-9E9B-4E12-B353-AABB27C8334A}.Release|Any CPU.Deploy.0 = Release|Any CPU
		{75F13E16-9E9B-4E12-B353-AABB27C8334A}.Release|Mixed Platforms.ActiveCfg = Release|Any CPU
		{75F13E16-9E9B-4E12-B353-AABB27C8334A}.Release|Mixed Platforms.Build.0 = Release|Any CPU
		{75F13E16-9E9B-4E12-B353-AABB27C8334A}.Release|Mixed Platforms.Deploy.0 = Release|Any CPU
		{75F13E16-9E9B-4E12-B353-AABB27C8334A}.Release|Windows Mobile 6 Professional SDK (ARMV4I).ActiveCfg = Release|Any CPU
		{75F13E16-9E9B-4E12-B353-AABB27C8334A}.Release|Windows Mobile 6 Standard SDK (ARMV4I).ActiveCfg = Release|Any CPU
		{9BA97A80-5BFE-429D-B519-A1C4755B7161}.Debug|Any CPU.ActiveCfg = Debug|Windows Mobile 6 Professional SDK (ARMV4I)
		{9BA97A80-5BFE-429D-B519-A1C4755B7161}.Debug|Mixed Platforms.ActiveCfg = Debug|Windows Mobile 6 Professional SDK (ARMV4I)
		{9BA97A80-5BFE-429D-B519-A1C4755B7161}.Debug|Mixed Platforms.Build.0 = Debug|Windows Mobile 6 Professional SDK (ARMV4I)
		{9BA97A80-5BFE-429D-B519-A1C4755B7161}.Debug|Mixed Platforms.Deploy.0 = Debug|Windows Mobile 6 Professional SDK (ARMV4I)
		{9BA97A80-5BFE-429D-B519-A1C4755B7161}.Debug|Windows Mobile 6 Professional SDK (ARMV4I).ActiveCfg = Debug|Windows Mobile 6 Professional SDK (ARMV4I)
		{9BA97A80-5BFE-429D-B519-A1C4755B7161}.Debug|Windows Mobile 6 Professional SDK (ARMV4I).Build.0 = Debug|Windows Mobile 6 Professional SDK (ARMV4I)
		{9BA97A80-5BFE-429D-B519-A1C4755B7161}.Debug|Windows Mobile 6 Professional SDK (ARMV4I).Deploy.0 = Debug|Windows Mobile 6 Professional SDK (ARMV4I)
		{9BA97A80-5BFE-429D-B519-A1C4755B7161}.Debug|Windows Mobile 6 Standard SDK (ARMV4I).ActiveCfg = Debug|Windows Mobile 6 Professional SDK (ARMV4I)
		{9BA97A80-5BFE-429D-B519-A1C4755B7161}.Demo|Any CPU.ActiveCfg = Demo|Windows Mobile 6 Professional SDK (ARMV4I)
		{9BA97A80-5BFE-429D-B519-A1C4755B7161}.Demo|Mixed Platforms.ActiveCfg = Demo|Windows Mobile 6 Professional SDK (ARMV4I)
		{9BA97A80-5BFE-429D-B519-A1C4755B7161}.Demo|Mixed Platforms.Build.0 = Demo|Windows Mobile 6 Professional SDK (ARMV4I)
		{9BA97A80-5BFE-429D-B519-A1C4755B7161}.Demo|Mixed Platforms.Deploy.0 = Demo|Windows Mobile 6 Professional SDK (ARMV4I)
		{9BA97A80-5BFE-429D-B519-A1C4755B7161}.Demo|Windows Mobile 6 Professional SDK (ARMV4I).ActiveCfg = Demo|Windows Mobile 6 Professional SDK (ARMV4I)
		{9BA97A80-5BFE-429D-B519-A1C4755B7161}.Demo|Windows Mobile 6 Professional SDK (ARMV4I).Build.0 = Demo|Windows Mobile 6 Professional SDK (ARMV4I)
		{9BA97A80-5BFE-429D-B519-A1C4755B7161}.Demo|Windows Mobile 6 Professional SDK (ARMV4I).Deploy.0 = Demo|Windows Mobile 6 Professional SDK (ARMV4I)
		{9BA97A80-5BFE-429D-B519-A1C4755B7161}.Demo|Windows Mobile 6 Standard SDK (ARMV4I).ActiveCfg = Demo|Windows Mobile 6 Professional SDK (ARMV4I)
		{9BA97A80-5BFE-429D-B519-A1C4755B7161}.Release|Any CPU.ActiveCfg = Release|Windows Mobile 6 Professional SDK (ARMV4I)
		{9BA97A80-5BFE-429D-B519-A1C4755B7161}.Release|Mixed Platforms.ActiveCfg = Release|Windows Mobile 6 Professional SDK (ARMV4I)
		{9BA97A80-5BFE-429D-B519-A1C4755B7161}.Release|Mixed Platforms.Build.0 = Release|Windows Mobile 6 Professional SDK (ARMV4I)
		{9BA97A80-5BFE-429D-B519-A1C4755B7161}.Release|Mixed Platforms.Deploy.0 = Release|Windows Mobile 6 Professional SDK (ARMV4I)
		{9BA97A80-5BFE-429D-B519-A1C4755B7161}.Release|Windows Mobile 6 Professional SDK (ARMV4I).ActiveCfg = Release|Windows Mobile 6 Professional SDK (ARMV4I)
		{9BA97A80-5BFE-429D-B519-A1C4755B7161}.Release|Windows Mobile 6 Professional SDK (ARMV4I).Build.0 = Release|Windows Mobile 6 Professional SDK (ARMV4I)
		{9BA97A80-5BFE-429D-B519-A1C4755B7161}.Release|Windows Mobile 6 Professional SDK (ARMV4I).Deploy.0 = Release|Windows Mobile 6 Professional SDK (ARMV4I)
		{9BA97A80-5BFE-429D-B519-A1C4755B7161}.Release|Windows Mobile 6 Standard SDK (ARMV4I).ActiveCfg = Release|Windows Mobile 6 Professional SDK (ARMV4I)
	EndGlobalSection
	GlobalSection(SolutionProperties) = preSolution
		HideSolutionNode = FALSE
	EndGlobalSection
EndGlobal
